{
    "_readme": [
        "This file locks the dependencies of your project to a known state",
        "Read more about it at https://getcomposer.org/doc/01-basic-usage.md#composer-lock-the-lock-file",
        "This file is @generated automatically"
    ],
    "hash": "270b565f5fa9b3cb2a590ef557ea4dba",
    "content-hash": "9ef5f9ab068eeb22ca8de7b2bb3ed4f5",
    "packages": [
        {
            "name": "paquettg/php-html-parser",
            "version": "dev-master",
            "source": {
                "type": "git",
                "url": "https://github.com/paquettg/php-html-parser.git",
                "reference": "e570797d3dccd0c81ea2b94d666698c9cfd6554f"
            },
            "dist": {
                "type": "zip",
                "url": "https://api.github.com/repos/paquettg/php-html-parser/zipball/e570797d3dccd0c81ea2b94d666698c9cfd6554f",
                "reference": "e570797d3dccd0c81ea2b94d666698c9cfd6554f",
                "shasum": ""
            },
            "require": {
                "paquettg/string-encode": "~0.1.0",
                "php": ">=5.4"
            },
            "require-dev": {
                "mockery/mockery": "~0.9.0",
                "phpunit/phpunit": "~4.8.0",
                "satooshi/php-coveralls": "~0.6.0"
            },
            "type": "library",
            "autoload": {
                "psr-0": {
                    "PHPHtmlParser": "src/"
                }
            },
            "notification-url": "https://packagist.org/downloads/",
            "license": [
                "MIT"
            ],
            "authors": [
                {
                    "name": "Gilles Paquette",
                    "email": "paquettg@gmail.com",
                    "homepage": "http://gillespaquette.ca"
                }
            ],
            "description": "An HTML DOM parser. It allows you to manipulate HTML. Find tags on an HTML page with selectors just like jQuery.",
            "homepage": "https://github.com/paquettg/php-html-parser",
            "keywords": [
                "dom",
                "html",
                "parser"
            ],
            "time": "2015-11-17 01:29:22"
        },
        {
            "name": "paquettg/string-encode",
            "version": "0.1.1",
            "source": {
                "type": "git",
                "url": "https://github.com/paquettg/string-encoder.git",
                "reference": "cf08343649701979f581c1601d01247fa3782439"
            },
            "dist": {
                "type": "zip",
                "url": "https://api.github.com/repos/paquettg/string-encoder/zipball/cf08343649701979f581c1601d01247fa3782439",
                "reference": "cf08343649701979f581c1601d01247fa3782439",
                "shasum": ""
            },
            "require": {
                "php": ">=5.4"
            },
            "require-dev": {
                "phpunit/phpunit": "3.7.*"
            },
            "type": "library",
            "autoload": {
                "psr-0": {
                    "stringEncode": "src/"
                }
            },
            "notification-url": "https://packagist.org/downloads/",
            "license": [
                "MIT"
            ],
            "authors": [
                {
                    "name": "Gilles Paquette",
                    "email": "paquettg@gmail.com",
                    "homepage": "http://gillespaquette.ca"
                }
            ],
            "description": "Facilitating the process of altering string encoding in PHP.",
            "homepage": "https://github.com/paquettg/string-encoder",
            "keywords": [
                "charset",
                "encoding",
                "string"
            ],
            "time": "2014-05-29 18:38:09"
        },
        {
            "name": "phpmailer/phpmailer",
            "version": "v5.2.13",
            "source": {
                "type": "git",
                "url": "https://github.com/PHPMailer/PHPMailer.git",
                "reference": "45df3a88f7f46071e10d0b600f228d19f95911b3"
            },
            "dist": {
                "type": "zip",
                "url": "https://api.github.com/repos/PHPMailer/PHPMailer/zipball/45df3a88f7f46071e10d0b600f228d19f95911b3",
                "reference": "45df3a88f7f46071e10d0b600f228d19f95911b3",
                "shasum": ""
            },
            "require": {
                "php": ">=5.0.0"
            },
            "require-dev": {
                "phpdocumentor/phpdocumentor": "*",
                "phpunit/phpunit": "4.7.*"
            },
            "suggest": {
                "league/oauth2-client": "Needed for Gmail's XOAUTH2 authentication system"
            },
            "type": "library",
            "autoload": {
                "classmap": [
                    "class.phpmailer.php",
                    "class.phpmaileroauth.php",
                    "class.phpmaileroauthgoogle.php",
                    "class.smtp.php",
                    "class.pop3.php",
                    "extras/EasyPeasyICS.php",
                    "extras/ntlm_sasl_client.php"
                ]
            },
            "notification-url": "https://packagist.org/downloads/",
            "license": [
                "LGPL-2.1"
            ],
            "authors": [
                {
                    "name": "Jim Jagielski",
                    "email": "jimjag@gmail.com"
                },
                {
                    "name": "Marcus Bointon",
                    "email": "phpmailer@synchromedia.co.uk"
                },
                {
                    "name": "Andy Prevost",
                    "email": "codeworxtech@users.sourceforge.net"
                },
                {
                    "name": "Brent R. Matzelle"
                }
            ],
            "description": "PHPMailer is a full-featured email creation and transfer class for PHP",
            "time": "2015-09-14 09:18:12"
        },
        {
            "name": "predis/predis",
            "version": "dev-master",
            "source": {
                "type": "git",
                "url": "https://github.com/nrk/predis.git",
                "reference": "6bc1a38123f61efde92d8b4a73adabf168e09442"
            },
            "dist": {
                "type": "zip",
                "url": "https://api.github.com/repos/nrk/predis/zipball/6bc1a38123f61efde92d8b4a73adabf168e09442",
                "reference": "6bc1a38123f61efde92d8b4a73adabf168e09442",
                "shasum": ""
            },
            "require": {
                "php": ">=5.3.9"
            },
            "require-dev": {
                "phpunit/phpunit": "~4.0"
            },
            "suggest": {
                "ext-curl": "Allows access to Webdis when paired with phpiredis",
                "ext-phpiredis": "Allows faster serialization and deserialization of the Redis protocol"
            },
            "type": "library",
            "extra": {
                "branch-alias": {
                    "dev-master": "1.1-dev"
                }
            },
            "autoload": {
                "psr-4": {
                    "Predis\\": "src/"
                }
            },
            "notification-url": "https://packagist.org/downloads/",
            "license": [
                "MIT"
            ],
            "authors": [
                {
                    "name": "Daniele Alessandri",
                    "email": "suppakilla@gmail.com",
                    "homepage": "http://clorophilla.net"
                }
            ],
            "description": "Flexible and feature-complete PHP client library for Redis",
            "homepage": "http://github.com/nrk/predis",
            "keywords": [
                "nosql",
                "predis",
                "redis"
            ],
            "time": "2015-07-30 18:51:15"
        },
        {
            "name": "sallar/jdatetime",
            "version": "dev-master",
            "source": {
                "type": "git",
                "url": "https://github.com/sallar/jDateTime.git",
                "reference": "e6bef94defe0f1ac07bd807f54ca673b676ef8a9"
            },
            "dist": {
                "type": "zip",
                "url": "https://api.github.com/repos/sallar/jDateTime/zipball/e6bef94defe0f1ac07bd807f54ca673b676ef8a9",
                "reference": "e6bef94defe0f1ac07bd807f54ca673b676ef8a9",
                "shasum": ""
            },
            "require": {
                "php": ">=5.2.0"
            },
            "type": "library",
            "autoload": {
                "classmap": [
                    "jdatetime.class.php"
                ]
            },
            "notification-url": "https://packagist.org/downloads/",
            "license": [
                "MIT"
            ],
            "authors": [
                {
                    "name": "Sallar Kaboli",
                    "email": "sallar.kaboli@gmail.com",
                    "homepage": "http://sallar.me",
                    "role": "Developer"
                }
            ],
            "description": "Jalali (Shamsi) DateTime class written in PHP, Supports year higher than 2038",
            "homepage": "http://sallar.me/projects/jdatetime/",
            "keywords": [
                "Jalali",
                "date",
                "datetime",
                "farsi",
                "iran",
                "jalalidate",
                "jdatetime",
                "persian",
                "shamsi",
                "time"
            ],
            "time": "2015-03-13 22:36:28"
        }
    ],
    "packages-dev": [],
    "aliases": [],
    "minimum-stability": "stable",
    "stability-flags": {
        "sallar/jdatetime": 20,
        "paquettg/php-html-parser": 20,
        "predis/predis": 20
    },
    "prefer-stable": false,
    "prefer-lowest": false,
    "platform": {
        "php": ">=5.4.0",
        "ext-phalcon": ">=2.0.6"
    },
    "platform-dev": []
}
